
Microsoft Visual Studio Solution File, Format Version 12.00
# Visual Studio Version 16
VisualStudioVersion = 16.0.30804.86
MinimumVisualStudioVersion = 15.0.26124.0
Project("{9A19103F-16F7-4668-BE54-9A1E7A4F7556}") = "Singulink.Collections.Weak", "Singulink.Collections.Weak\Singulink.Collections.Weak.csproj", "{1A83B74F-5C72-48CA-B35D-52D1A7A620FC}"
EndProject
Project("{2150E333-8FDC-42A3-9474-1A3956D46DE8}") = "Solution Items", "Solution Items", "{9D38B8A2-52CD-46E8-A6EE-56542B1EC724}"
	ProjectSection(SolutionItems) = preProject
		.editorconfig = .editorconfig
		Directory.Build.props = Directory.Build.props
	EndProjectSection
EndProject
Project("{2150E333-8FDC-42A3-9474-1A3956D46DE8}") = "Tests", "Tests", "{954A11DD-EF04-427A-B47F-D825A832160B}"
EndProject
Project("{FAE04EC0-301F-11D3-BF4B-00C04F79EFBC}") = "Singulink.Collections.Weak.Tests", "Singulink.Collections.Weak.Tests\Singulink.Collections.Weak.Tests.csproj", "{8F6377C1-BAE2-4F8E-A24F-ACBA6F90CD66}"
EndProject
Global
	GlobalSection(SolutionConfigurationPlatforms) = preSolution
		Debug|Any CPU = Debug|Any CPU
		Debug|x64 = Debug|x64
		Debug|x86 = Debug|x86
		Release|Any CPU = Release|Any CPU
		Release|x64 = Release|x64
		Release|x86 = Release|x86
	EndGlobalSection
	GlobalSection(ProjectConfigurationPlatforms) = postSolution
		{1A83B74F-5C72-48CA-B35D-52D1A7A620FC}.Debug|Any CPU.ActiveCfg = Debug|Any CPU
		{1A83B74F-5C72-48CA-B35D-52D1A7A620FC}.Debug|Any CPU.Build.0 = Debug|Any CPU
		{1A83B74F-5C72-48CA-B35D-52D1A7A620FC}.Debug|x64.ActiveCfg = Debug|Any CPU
		{1A83B74F-5C72-48CA-B35D-52D1A7A620FC}.Debug|x64.Build.0 = Debug|Any CPU
		{1A83B74F-5C72-48CA-B35D-52D1A7A620FC}.Debug|x86.ActiveCfg = Debug|Any CPU
		{1A83B74F-5C72-48CA-B35D-52D1A7A620FC}.Debug|x86.Build.0 = Debug|Any CPU
		{1A83B74F-5C72-48CA-B35D-52D1A7A620FC}.Release|Any CPU.ActiveCfg = Release|Any CPU
		{1A83B74F-5C72-48CA-B35D-52D1A7A620FC}.Release|Any CPU.Build.0 = Release|Any CPU
		{1A83B74F-5C72-48CA-B35D-52D1A7A620FC}.Release|x64.ActiveCfg = Release|Any CPU
		{1A83B74F-5C72-48CA-B35D-52D1A7A620FC}.Release|x64.Build.0 = Release|Any CPU
		{1A83B74F-5C72-48CA-B35D-52D1A7A620FC}.Release|x86.ActiveCfg = Release|Any CPU
		{1A83B74F-5C72-48CA-B35D-52D1A7A620FC}.Release|x86.Build.0 = Release|Any CPU
		{8F6377C1-BAE2-4F8E-A24F-ACBA6F90CD66}.Debug|Any CPU.ActiveCfg = Debug|Any CPU
		{8F6377C1-BAE2-4F8E-A24F-ACBA6F90CD66}.Debug|Any CPU.Build.0 = Debug|Any CPU
		{8F6377C1-BAE2-4F8E-A24F-ACBA6F90CD66}.Debug|x64.ActiveCfg = Debug|Any CPU
		{8F6377C1-BAE2-4F8E-A24F-ACBA6F90CD66}.Debug|x64.Build.0 = Debug|Any CPU
		{8F6377C1-BAE2-4F8E-A24F-ACBA6F90CD66}.Debug|x86.ActiveCfg = Debug|Any CPU
		{8F6377C1-BAE2-4F8E-A24F-ACBA6F90CD66}.Debug|x86.Build.0 = Debug|Any CPU
		{8F6377C1-BAE2-4F8E-A24F-ACBA6F90CD66}.Release|Any CPU.ActiveCfg = Release|Any CPU
		{8F6377C1-BAE2-4F8E-A24F-ACBA6F90CD66}.Release|Any CPU.Build.0 = Release|Any CPU
		{8F6377C1-BAE2-4F8E-A24F-ACBA6F90CD66}.Release|x64.ActiveCfg = Release|Any CPU
		{8F6377C1-BAE2-4F8E-A24F-ACBA6F90CD66}.Release|x64.Build.0 = Release|Any CPU
		{8F6377C1-BAE2-4F8E-A24F-ACBA6F90CD66}.Release|x86.ActiveCfg = Release|Any CPU
		{8F6377C1-BAE2-4F8E-A24F-ACBA6F90CD66}.Release|x86.Build.0 = Release|Any CPU
	EndGlobalSection
	GlobalSection(SolutionProperties) = preSolution
		HideSolutionNode = FALSE
	EndGlobalSection
	GlobalSection(NestedProjects) = preSolution
		{8F6377C1-BAE2-4F8E-A24F-ACBA6F90CD66} = {954A11DD-EF04-427A-B47F-D825A832160B}
	EndGlobalSection
	GlobalSection(ExtensibilityGlobals) = postSolution
		SolutionGuid = {86784FD2-1980-4D3E-BC46-497485EB148D}
	EndGlobalSection
EndGlobal
